{
  "name": "azure-speech-service-profile-diarization",
  "version": "0.0.0",
  "lockfileVersion": 3,
  "requires": true,
  "packages": {
    "": {
      "name": "azure-speech-service-profile-diarization",
      "version": "0.0.0",
      "license": "MIT",
      "workspaces": [
        "packages/*"
      ],
      "engines": {
        "node": ">=18.0.0"
      }
    },
    "node_modules/@azure-speech-diarization/api": {
      "resolved": "packages/api",
      "link": true
    },
    "node_modules/@azure-speech-diarization/cli": {
      "resolved": "packages/cli",
      "link": true
    },
    "node_modules/@azure-speech-diarization/core": {
      "resolved": "packages/core",
      "link": true
    },
    "node_modules/typescript": {
      "version": "5.9.3",
      "resolved": "https://registry.npmjs.org/typescript/-/typescript-5.9.3.tgz",
      "integrity": "sha512-jl1vZzPDinLr9eUt3J/t7V6FgNEw9QjvBPdysz9KfQDD41fQrC2Y4vKQdiaUpFT4bXlb1RHhLpp8wtm6M5TgSw==",
      "dev": true,
      "license": "Apache-2.0",
      "bin": {
        "tsc": "bin/tsc",
        "tsserver": "bin/tsserver"
      },
      "engines": {
        "node": ">=14.17"
      }
    },
    "packages/api": {
      "name": "@azure-speech-diarization/api",
      "version": "0.0.1",
      "license": "MIT",
      "dependencies": {
        "@azure-speech-diarization/core": "*"
      },
      "devDependencies": {
        "typescript": "^5.3.0"
      }
    },
    "packages/cli": {
      "name": "@azure-speech-diarization/cli",
      "version": "0.0.1",
      "license": "MIT",
      "dependencies": {
        "@azure-speech-diarization/core": "*"
      },
      "bin": {
        "azure-speech-diarization": "dist/index.js"
      },
      "devDependencies": {
        "typescript": "^5.3.0"
      }
    },
    "packages/core": {
      "name": "@azure-speech-diarization/core",
      "version": "0.0.1",
      "license": "MIT",
      "devDependencies": {
        "typescript": "^5.3.0"
      }
    }
  }
}
